{
  "nodes": {
    "fenix": {
      "inputs": {
        "nixpkgs": [
          "nixpkgs"
        ],
        "rust-analyzer-src": "rust-analyzer-src"
      },
      "locked": {
        "lastModified": 1669962267,
        "narHash": "sha256-u+jSSTmypy1BW5hQAgKAtGjix6dQSi1SjRAio+j0iBI=",
        "owner": "nix-community",
        "repo": "fenix",
        "rev": "21c4c263eeef56d57b9e0c014fbdf8646841c478",
        "type": "github"
      },
      "original": {
        "owner": "nix-community",
        "repo": "fenix",
        "type": "github"
      }
    },
    "flake-utils": {
      "locked": {
        "lastModified": 1667395993,
        "narHash": "sha256-nuEHfE/LcWyuSWnS8t12N1wc105Qtau+/OdUAjtQ0rA=",
        "owner": "numtide",
        "repo": "flake-utils",
        "rev": "5aed5285a952e0b949eb3ba02c12fa4fcfef535f",
        "type": "github"
      },
      "original": {
        "owner": "numtide",
        "repo": "flake-utils",
        "type": "github"
      }
    },
    "nixpkgs": {
      "locked": {
        "lastModified": 1669927173,
        "narHash": "sha256-Z7rSKzC5OuWv5Q7RRNQPZb0jVJRJk0BJB6/fGZzaAIU=",
        "owner": "NixOS",
        "repo": "nixpkgs",
        "rev": "9063accddd2e68dcc71032459a58399e977374c9",
        "type": "github"
      },
      "original": {
        "id": "nixpkgs",
        "type": "indirect"
      }
    },
    "root": {
      "inputs": {
        "fenix": "fenix",
        "flake-utils": "flake-utils",
        "nixpkgs": "nixpkgs"
      }
    },
    "rust-analyzer-src": {
      "flake": false,
      "locked": {
        "lastModified": 1669747020,
        "narHash": "sha256-kNfchCXcI4jcwBdU57f4ifdgPAvLKLJIHKUCiZVv+v0=",
        "owner": "rust-lang",
        "repo": "rust-analyzer",
        "rev": "398a71affb05aeeea1991044ec9ca1229e68f0f3",
        "type": "github"
      },
      "original": {
        "owner": "rust-lang",
        "ref": "nightly",
        "repo": "rust-analyzer",
        "type": "github"
      }
    }
  },
  "root": "root",
  "version": 7
}
